
Microsoft Visual Studio Solution File, Format Version 12.00
# Visual Studio Version 17
VisualStudioVersion = 17.5.33530.505
MinimumVisualStudioVersion = 10.0.40219.1
Project("{FAE04EC0-301F-11D3-BF4B-00C04F79EFBC}") = "Blazor.WebAssemblyUI", "Blazor.WebAssemblyUI\Blazor.WebAssemblyUI.csproj", "{7B5EC5E6-4DC2-45A1-ACCB-179A95C70B8B}"
EndProject
Global
	GlobalSection(SolutionConfigurationPlatforms) = preSolution
		Debug|Any CPU = Debug|Any CPU
		Release|Any CPU = Release|Any CPU
	EndGlobalSection
	GlobalSection(ProjectConfigurationPlatforms) = postSolution
		{7B5EC5E6-4DC2-45A1-ACCB-179A95C70B8B}.Debug|Any CPU.ActiveCfg = Debug|Any CPU
		{7B5EC5E6-4DC2-45A1-ACCB-179A95C70B8B}.Debug|Any CPU.Build.0 = Debug|Any CPU
		{7B5EC5E6-4DC2-45A1-ACCB-179A95C70B8B}.Release|Any CPU.ActiveCfg = Release|Any CPU
		{7B5EC5E6-4DC2-45A1-ACCB-179A95C70B8B}.Release|Any CPU.Build.0 = Release|Any CPU
	EndGlobalSection
	GlobalSection(SolutionProperties) = preSolution
		HideSolutionNode = FALSE
	EndGlobalSection
	GlobalSection(ExtensibilityGlobals) = postSolution
		SolutionGuid = {58158545-2FA0-4056-B690-F3B947E354D3}
	EndGlobalSection
EndGlobal
